
Microsoft Visual Studio Solution File, Format Version 12.00
# Visual Studio Version 17
VisualStudioVersion = 17.3.32929.385
MinimumVisualStudioVersion = 10.0.40219.1
Project("{FAE04EC0-301F-11D3-BF4B-00C04F79EFBC}") = "Grafika4", "Grafika4.csproj", "{FB317042-8612-49EB-BB39-408FFFC14FE2}"
EndProject
Global
	GlobalSection(SolutionConfigurationPlatforms) = preSolution
		Debug|Any CPU = Debug|Any CPU
		Release|Any CPU = Release|Any CPU
	EndGlobalSection
	GlobalSection(ProjectConfigurationPlatforms) = postSolution
		{FB317042-8612-49EB-BB39-408FFFC14FE2}.Debug|Any CPU.ActiveCfg = Debug|Any CPU
		{FB317042-8612-49EB-BB39-408FFFC14FE2}.Debug|Any CPU.Build.0 = Debug|Any CPU
		{FB317042-8612-49EB-BB39-408FFFC14FE2}.Release|Any CPU.ActiveCfg = Release|Any CPU
		{FB317042-8612-49EB-BB39-408FFFC14FE2}.Release|Any CPU.Build.0 = Release|Any CPU
	EndGlobalSection
	GlobalSection(SolutionProperties) = preSolution
		HideSolutionNode = FALSE
	EndGlobalSection
	GlobalSection(ExtensibilityGlobals) = postSolution
		SolutionGuid = {788E87E2-2802-40C0-959B-53510F0C17DA}
	EndGlobalSection
EndGlobal
